
Microsoft Visual Studio Solution File, Format Version 12.00
# Visual Studio Version 16
VisualStudioVersion = 16.0.30621.155
MinimumVisualStudioVersion = 10.0.40219.1
Project("{8BC9CEB8-8B4A-11D0-8D11-00A0C91BC942}") = "system", "projects\system\project\system.vcxproj", "{BC536903-0C3D-47D5-AAF3-CBD6F9961E3F}"
EndProject
Project("{2150E333-8FDC-42A3-9474-1A3956D46DE8}") = "shared", "shared", "{FF24BFC0-6D41-48A4-8C0F-F3861DFC3A99}"
EndProject
Project("{2150E333-8FDC-42A3-9474-1A3956D46DE8}") = "source", "source", "{BE763DFC-8510-4814-BBD0-C058BBD4A575}"
EndProject
Project("{2150E333-8FDC-42A3-9474-1A3956D46DE8}") = "logger", "logger", "{B842B884-0577-42F0-9305-72F19C81A2D7}"
	ProjectSection(SolutionItems) = preProject
		projects\shared\source\logger\logger.cpp = projects\shared\source\logger\logger.cpp
		projects\shared\source\logger\logger.hpp = projects\shared\source\logger\logger.hpp
	EndProjectSection
EndProject
Project("{2150E333-8FDC-42A3-9474-1A3956D46DE8}") = "python", "python", "{C0E402D2-0A0E-4F70-9338-0236111AFD9E}"
	ProjectSection(SolutionItems) = preProject
		projects\shared\source\python\python.cpp = projects\shared\source\python\python.cpp
		projects\shared\source\python\python.hpp = projects\shared\source\python\python.hpp
	EndProjectSection
EndProject
Global
	GlobalSection(SolutionConfigurationPlatforms) = preSolution
		Debug|x64 = Debug|x64
		Debug|x86 = Debug|x86
		Release|x64 = Release|x64
		Release|x86 = Release|x86
	EndGlobalSection
	GlobalSection(ProjectConfigurationPlatforms) = postSolution
		{BC536903-0C3D-47D5-AAF3-CBD6F9961E3F}.Debug|x64.ActiveCfg = Debug|x64
		{BC536903-0C3D-47D5-AAF3-CBD6F9961E3F}.Debug|x64.Build.0 = Debug|x64
		{BC536903-0C3D-47D5-AAF3-CBD6F9961E3F}.Debug|x86.ActiveCfg = Debug|Win32
		{BC536903-0C3D-47D5-AAF3-CBD6F9961E3F}.Debug|x86.Build.0 = Debug|Win32
		{BC536903-0C3D-47D5-AAF3-CBD6F9961E3F}.Release|x64.ActiveCfg = Release|x64
		{BC536903-0C3D-47D5-AAF3-CBD6F9961E3F}.Release|x64.Build.0 = Release|x64
		{BC536903-0C3D-47D5-AAF3-CBD6F9961E3F}.Release|x86.ActiveCfg = Release|Win32
		{BC536903-0C3D-47D5-AAF3-CBD6F9961E3F}.Release|x86.Build.0 = Release|Win32
	EndGlobalSection
	GlobalSection(SolutionProperties) = preSolution
		HideSolutionNode = FALSE
	EndGlobalSection
	GlobalSection(NestedProjects) = preSolution
		{BE763DFC-8510-4814-BBD0-C058BBD4A575} = {FF24BFC0-6D41-48A4-8C0F-F3861DFC3A99}
		{B842B884-0577-42F0-9305-72F19C81A2D7} = {BE763DFC-8510-4814-BBD0-C058BBD4A575}
		{C0E402D2-0A0E-4F70-9338-0236111AFD9E} = {BE763DFC-8510-4814-BBD0-C058BBD4A575}
	EndGlobalSection
	GlobalSection(ExtensibilityGlobals) = postSolution
		SolutionGuid = {9CAE4987-5FDC-4283-A9B6-C4C10C326834}
	EndGlobalSection
EndGlobal
