<?xml version="1.0" encoding="utf-8"?>
<Project ToolsVersion="4.0" xmlns="http://schemas.microsoft.com/developer/msbuild/2003">
  <ItemGroup>
    <Filter Include="source">
      <UniqueIdentifier>{db81cc44-58c1-457a-8b73-b69a0dfa259a}</UniqueIdentifier>
    </Filter>
    <Filter Include="source\system">
      <UniqueIdentifier>{d050c39a-8943-4c3b-9eb2-7855d0717734}</UniqueIdentifier>
    </Filter>
    <Filter Include="source\logger">
      <UniqueIdentifier>{2f9b161c-8545-498d-8789-3da0f19046c7}</UniqueIdentifier>
    </Filter>
    <Filter Include="source\python">
      <UniqueIdentifier>{abf4b48f-33a9-4578-b18f-817c7ebaafb8}</UniqueIdentifier>
    </Filter>
    <Filter Include="source\config">
      <UniqueIdentifier>{341d0309-fd24-4834-a08f-3b274654360d}</UniqueIdentifier>
    </Filter>
    <Filter Include="source\detail">
      <UniqueIdentifier>{939dd426-3a8d-4836-8847-a7183a359c17}</UniqueIdentifier>
    </Filter>
    <Filter Include="source\detail\klines">
      <UniqueIdentifier>{97527875-6cf0-4583-8234-e6e76aa9d3e5}</UniqueIdentifier>
    </Filter>
    <Filter Include="source\detail\orders">
      <UniqueIdentifier>{36f0b84a-6eac-40fd-b38b-824b92f1af50}</UniqueIdentifier>
    </Filter>
    <Filter Include="source\detail\trades">
      <UniqueIdentifier>{95603b10-0fae-4751-a52b-d386ad91a197}</UniqueIdentifier>
    </Filter>
    <Filter Include="source\detail\inputs">
      <UniqueIdentifier>{3ac4a670-1016-4025-8692-df3661186b31}</UniqueIdentifier>
    </Filter>
    <Filter Include="source\source">
      <UniqueIdentifier>{4e67dead-1a8a-4417-bb72-0e17a8ee3a88}</UniqueIdentifier>
    </Filter>
    <Filter Include="source\source\backtester">
      <UniqueIdentifier>{141ed367-b1af-4bdf-874f-fa8c7775b553}</UniqueIdentifier>
    </Filter>
    <Filter Include="source\source\indicators">
      <UniqueIdentifier>{d50dc808-e45c-4cf4-8b27-716b58d6dbdb}</UniqueIdentifier>
    </Filter>
    <Filter Include="source\source\strategies">
      <UniqueIdentifier>{f446fbd1-9f96-46a4-b158-88df3f3d7732}</UniqueIdentifier>
    </Filter>
    <Filter Include="source\source\indicators\awvb">
      <UniqueIdentifier>{3f80981d-0f52-4445-862d-9505429d96bb}</UniqueIdentifier>
    </Filter>
    <Filter Include="source\source\strategies\hard">
      <UniqueIdentifier>{53d9c271-6d05-4f0d-a896-e60b58fe7a46}</UniqueIdentifier>
    </Filter>
    <Filter Include="source\source\strategies\soft">
      <UniqueIdentifier>{a9610081-cce7-44dc-9eff-5696dbdb5fdc}</UniqueIdentifier>
    </Filter>
    <Filter Include="source\source\strategies\hard\assimilator">
      <UniqueIdentifier>{0de5d6b2-8863-4372-802d-e7416811a0c5}</UniqueIdentifier>
    </Filter>
    <Filter Include="source\source\strategies\hard\subjugator">
      <UniqueIdentifier>{326f5296-864e-4580-bd6e-792c87c3dae4}</UniqueIdentifier>
    </Filter>
    <Filter Include="source\source\indicators\ema">
      <UniqueIdentifier>{c0d00ff2-0eed-4a98-875c-c25cb3ba4253}</UniqueIdentifier>
    </Filter>
  </ItemGroup>
  <ItemGroup>
    <ClCompile Include="..\source\main.cpp">
      <Filter>source</Filter>
    </ClCompile>
    <ClCompile Include="..\source\system\system.cpp">
      <Filter>source\system</Filter>
    </ClCompile>
    <ClCompile Include="..\..\shared\source\logger\logger.cpp">
      <Filter>source\logger</Filter>
    </ClCompile>
    <ClCompile Include="..\..\shared\source\python\python.cpp">
      <Filter>source\python</Filter>
    </ClCompile>
    <ClCompile Include="..\source\detail\detail.cpp">
      <Filter>source\detail</Filter>
    </ClCompile>
    <ClCompile Include="..\source\detail\klines\klines.cpp">
      <Filter>source\detail\klines</Filter>
    </ClCompile>
    <ClCompile Include="..\source\detail\orders\orders.cpp">
      <Filter>source\detail\orders</Filter>
    </ClCompile>
    <ClCompile Include="..\source\detail\trades\trades.cpp">
      <Filter>source\detail\trades</Filter>
    </ClCompile>
    <ClCompile Include="..\source\detail\inputs\inputs.cpp">
      <Filter>source\detail\inputs</Filter>
    </ClCompile>
    <ClCompile Include="..\source\source\source.cpp">
      <Filter>source\source</Filter>
    </ClCompile>
    <ClCompile Include="..\source\source\backtester\backtester.cpp">
      <Filter>source\source\backtester</Filter>
    </ClCompile>
    <ClCompile Include="..\source\source\indicators\awvb\awvb.cpp">
      <Filter>source\source\indicators\awvb</Filter>
    </ClCompile>
    <ClCompile Include="..\source\source\strategies\hard\assimilator\assimilator.cpp">
      <Filter>source\source\strategies\hard\assimilator</Filter>
    </ClCompile>
    <ClCompile Include="..\source\source\strategies\strategy.cpp">
      <Filter>source\source\strategies</Filter>
    </ClCompile>
    <ClCompile Include="..\source\source\indicators\indicator.cpp">
      <Filter>source\source\indicators</Filter>
    </ClCompile>
    <ClCompile Include="..\source\source\strategies\hard\subjugator\subjugator.cpp">
      <Filter>source\source\strategies\hard\subjugator</Filter>
    </ClCompile>
    <ClCompile Include="..\source\source\indicators\ema\ema.cpp">
      <Filter>source\source\indicators\ema</Filter>
    </ClCompile>
  </ItemGroup>
  <ItemGroup>
    <ClInclude Include="..\source\system\system.hpp">
      <Filter>source\system</Filter>
    </ClInclude>
    <ClInclude Include="..\..\shared\source\logger\logger.hpp">
      <Filter>source\logger</Filter>
    </ClInclude>
    <ClInclude Include="..\..\shared\source\python\python.hpp">
      <Filter>source\python</Filter>
    </ClInclude>
    <ClInclude Include="..\source\config\config.hpp">
      <Filter>source\config</Filter>
    </ClInclude>
    <ClInclude Include="..\source\detail\detail.hpp">
      <Filter>source\detail</Filter>
    </ClInclude>
    <ClInclude Include="..\source\detail\klines\klines.hpp">
      <Filter>source\detail\klines</Filter>
    </ClInclude>
    <ClInclude Include="..\source\detail\inputs\inputs.hpp">
      <Filter>source\detail\inputs</Filter>
    </ClInclude>
    <ClInclude Include="..\source\detail\trades\trades.hpp">
      <Filter>source\detail\trades</Filter>
    </ClInclude>
    <ClInclude Include="..\source\detail\orders\orders.hpp">
      <Filter>source\detail\orders</Filter>
    </ClInclude>
    <ClInclude Include="..\source\source\source.hpp">
      <Filter>source\source</Filter>
    </ClInclude>
    <ClInclude Include="..\source\source\backtester\backtester.hpp">
      <Filter>source\source\backtester</Filter>
    </ClInclude>
    <ClInclude Include="..\source\source\indicators\awvb\awvb.hpp">
      <Filter>source\source\indicators\awvb</Filter>
    </ClInclude>
    <ClInclude Include="..\source\source\indicators\indicator.hpp">
      <Filter>source\source\indicators</Filter>
    </ClInclude>
    <ClInclude Include="..\source\source\strategies\hard\assimilator\assimilator.hpp">
      <Filter>source\source\strategies\hard\assimilator</Filter>
    </ClInclude>
    <ClInclude Include="..\source\source\strategies\strategy.hpp">
      <Filter>source\source\strategies</Filter>
    </ClInclude>
    <ClInclude Include="..\source\source\strategies\hard\subjugator\subjugator.hpp">
      <Filter>source\source\strategies\hard\subjugator</Filter>
    </ClInclude>
    <ClInclude Include="..\source\source\indicators\ema\ema.hpp">
      <Filter>source\source\indicators\ema</Filter>
    </ClInclude>
  </ItemGroup>
</Project>