<?xml version="1.0" encoding="utf-8"?>
<Project ToolsVersion="4.0" xmlns="http://schemas.microsoft.com/developer/msbuild/2003">
  <ItemGroup>
    <Filter Include="source">
      <UniqueIdentifier>{db81cc44-58c1-457a-8b73-b69a0dfa259a}</UniqueIdentifier>
    </Filter>
    <Filter Include="source\system">
      <UniqueIdentifier>{d050c39a-8943-4c3b-9eb2-7855d0717734}</UniqueIdentifier>
    </Filter>
    <Filter Include="source\logger">
      <UniqueIdentifier>{2f9b161c-8545-498d-8789-3da0f19046c7}</UniqueIdentifier>
    </Filter>
    <Filter Include="source\python">
      <UniqueIdentifier>{abf4b48f-33a9-4578-b18f-817c7ebaafb8}</UniqueIdentifier>
    </Filter>
    <Filter Include="source\config">
      <UniqueIdentifier>{341d0309-fd24-4834-a08f-3b274654360d}</UniqueIdentifier>
    </Filter>
    <Filter Include="source\detail">
      <UniqueIdentifier>{939dd426-3a8d-4836-8847-a7183a359c17}</UniqueIdentifier>
    </Filter>
    <Filter Include="source\detail\klines">
      <UniqueIdentifier>{97527875-6cf0-4583-8234-e6e76aa9d3e5}</UniqueIdentifier>
    </Filter>
    <Filter Include="source\detail\orders">
      <UniqueIdentifier>{36f0b84a-6eac-40fd-b38b-824b92f1af50}</UniqueIdentifier>
    </Filter>
    <Filter Include="source\detail\trades">
      <UniqueIdentifier>{95603b10-0fae-4751-a52b-d386ad91a197}</UniqueIdentifier>
    </Filter>
    <Filter Include="source\detail\inputs">
      <UniqueIdentifier>{3ac4a670-1016-4025-8692-df3661186b31}</UniqueIdentifier>
    </Filter>
    <Filter Include="source\system\indicators">
      <UniqueIdentifier>{040c9110-554b-4aa4-ba26-2c6ff195ceb3}</UniqueIdentifier>
    </Filter>
    <Filter Include="source\system\connectors">
      <UniqueIdentifier>{49bd6d43-cdc4-46f7-a702-a2ca4d3fde2d}</UniqueIdentifier>
    </Filter>
    <Filter Include="source\system\indicators\ema">
      <UniqueIdentifier>{c03b9d42-54de-45f9-a35e-b2de3e9e009b}</UniqueIdentifier>
    </Filter>
    <Filter Include="source\system\indicators\macd">
      <UniqueIdentifier>{d7480691-c45f-466f-9504-f5e370f9a0da}</UniqueIdentifier>
    </Filter>
    <Filter Include="source\system\indicators\adx">
      <UniqueIdentifier>{7a325920-bedf-4e16-87d9-8cb56f3e629a}</UniqueIdentifier>
    </Filter>
    <Filter Include="source\system\indicators\mfi">
      <UniqueIdentifier>{74989eb6-2971-43f3-96cd-2942198f672a}</UniqueIdentifier>
    </Filter>
    <Filter Include="source\system\indicators\rsi">
      <UniqueIdentifier>{e8e0d785-4205-4c3f-8a8c-d0c7381d4d5d}</UniqueIdentifier>
    </Filter>
    <Filter Include="source\system\interfaces">
      <UniqueIdentifier>{79ad7edb-aff7-4814-b638-d99eb95829a7}</UniqueIdentifier>
    </Filter>
    <Filter Include="source\system\strategies">
      <UniqueIdentifier>{616018c0-f7ba-47f7-8a5e-be5d30c01632}</UniqueIdentifier>
    </Filter>
    <Filter Include="source\system\backtester">
      <UniqueIdentifier>{7b5e86b8-77c8-42c2-a07b-cde5951c4a91}</UniqueIdentifier>
    </Filter>
    <Filter Include="source\system\strategies\soft">
      <UniqueIdentifier>{4d58f3e2-a235-4bf0-a80b-338260f4c552}</UniqueIdentifier>
    </Filter>
    <Filter Include="source\system\strategies\hard">
      <UniqueIdentifier>{cbd56975-0e55-4c84-81be-573a0611c70b}</UniqueIdentifier>
    </Filter>
    <Filter Include="source\system\strategies\hard\macd_mfi">
      <UniqueIdentifier>{e78333d1-e8d3-48e4-8474-a6e381d0d200}</UniqueIdentifier>
    </Filter>
    <Filter Include="source\system\strategies\hard\template">
      <UniqueIdentifier>{c64513ae-ec4c-4662-a91a-90d7a6986010}</UniqueIdentifier>
    </Filter>
    <Filter Include="source\system\strategies\hard\ema_288">
      <UniqueIdentifier>{29778cb4-a02b-413b-aa73-337ff4a9ebd3}</UniqueIdentifier>
    </Filter>
    <Filter Include="source\system\strategies\hard\ema_adx">
      <UniqueIdentifier>{ec9e76a4-47e0-4b61-9c4b-426d6cbfaa5f}</UniqueIdentifier>
    </Filter>
    <Filter Include="source\system\strategies\hard\buy_hold">
      <UniqueIdentifier>{33d59a2f-1b74-421a-b972-85940fbd8d70}</UniqueIdentifier>
    </Filter>
    <Filter Include="source\system\strategies\hard\volume_bias">
      <UniqueIdentifier>{d9c6ca2e-fc89-4775-a030-a76d1057422e}</UniqueIdentifier>
    </Filter>
  </ItemGroup>
  <ItemGroup>
    <ClCompile Include="..\source\main.cpp">
      <Filter>source</Filter>
    </ClCompile>
    <ClCompile Include="..\source\system\system.cpp">
      <Filter>source\system</Filter>
    </ClCompile>
    <ClCompile Include="..\..\shared\source\logger\logger.cpp">
      <Filter>source\logger</Filter>
    </ClCompile>
    <ClCompile Include="..\..\shared\source\python\python.cpp">
      <Filter>source\python</Filter>
    </ClCompile>
    <ClCompile Include="..\source\detail\detail.cpp">
      <Filter>source\detail</Filter>
    </ClCompile>
    <ClCompile Include="..\source\detail\klines\klines.cpp">
      <Filter>source\detail\klines</Filter>
    </ClCompile>
    <ClCompile Include="..\source\detail\orders\orders.cpp">
      <Filter>source\detail\orders</Filter>
    </ClCompile>
    <ClCompile Include="..\source\detail\trades\trades.cpp">
      <Filter>source\detail\trades</Filter>
    </ClCompile>
    <ClCompile Include="..\source\detail\inputs\inputs.cpp">
      <Filter>source\detail\inputs</Filter>
    </ClCompile>
    <ClCompile Include="..\source\system\indicators\ema\ema.cpp">
      <Filter>source\system\indicators\ema</Filter>
    </ClCompile>
    <ClCompile Include="..\source\system\indicators\macd\macd.cpp">
      <Filter>source\system\indicators\macd</Filter>
    </ClCompile>
    <ClCompile Include="..\source\system\indicators\adx\adx.cpp">
      <Filter>source\system\indicators\adx</Filter>
    </ClCompile>
    <ClCompile Include="..\source\system\indicators\mfi\mfi.cpp">
      <Filter>source\system\indicators\mfi</Filter>
    </ClCompile>
    <ClCompile Include="..\source\system\indicators\rsi\rsi.cpp">
      <Filter>source\system\indicators\rsi</Filter>
    </ClCompile>
    <ClCompile Include="..\source\system\strategies\hard\macd_mfi\macd_mfi.cpp">
      <Filter>source\system\strategies\hard\macd_mfi</Filter>
    </ClCompile>
    <ClCompile Include="..\source\system\backtester\backtester.cpp">
      <Filter>source\system\backtester</Filter>
    </ClCompile>
    <ClCompile Include="..\source\system\strategies\hard\template\template.cpp">
      <Filter>source\system\strategies\hard\template</Filter>
    </ClCompile>
    <ClCompile Include="..\source\system\strategies\hard\ema_288\ema_288.cpp">
      <Filter>source\system\strategies\hard\ema_288</Filter>
    </ClCompile>
    <ClCompile Include="..\source\system\strategies\strategies.cpp">
      <Filter>source\system\strategies</Filter>
    </ClCompile>
    <ClCompile Include="..\source\system\strategies\hard\ema_adx\ema_adx.cpp">
      <Filter>source\system\strategies\hard\ema_adx</Filter>
    </ClCompile>
    <ClCompile Include="..\source\system\strategies\hard\buy_hold\buy_hold.cpp">
      <Filter>source\system\strategies\hard\buy_hold</Filter>
    </ClCompile>
    <ClCompile Include="..\source\system\strategies\hard\volume_bias\volume_bias.cpp">
      <Filter>source\system\strategies\hard\volume_bias</Filter>
    </ClCompile>
  </ItemGroup>
  <ItemGroup>
    <ClInclude Include="..\source\system\system.hpp">
      <Filter>source\system</Filter>
    </ClInclude>
    <ClInclude Include="..\..\shared\source\logger\logger.hpp">
      <Filter>source\logger</Filter>
    </ClInclude>
    <ClInclude Include="..\..\shared\source\python\python.hpp">
      <Filter>source\python</Filter>
    </ClInclude>
    <ClInclude Include="..\source\config\config.hpp">
      <Filter>source\config</Filter>
    </ClInclude>
    <ClInclude Include="..\source\detail\detail.hpp">
      <Filter>source\detail</Filter>
    </ClInclude>
    <ClInclude Include="..\source\detail\klines\klines.hpp">
      <Filter>source\detail\klines</Filter>
    </ClInclude>
    <ClInclude Include="..\source\detail\inputs\inputs.hpp">
      <Filter>source\detail\inputs</Filter>
    </ClInclude>
    <ClInclude Include="..\source\detail\trades\trades.hpp">
      <Filter>source\detail\trades</Filter>
    </ClInclude>
    <ClInclude Include="..\source\detail\orders\orders.hpp">
      <Filter>source\detail\orders</Filter>
    </ClInclude>
    <ClInclude Include="..\source\system\indicators\indicators.hpp">
      <Filter>source\system\indicators</Filter>
    </ClInclude>
    <ClInclude Include="..\source\system\indicators\ema\ema.hpp">
      <Filter>source\system\indicators\ema</Filter>
    </ClInclude>
    <ClInclude Include="..\source\system\indicators\macd\macd.hpp">
      <Filter>source\system\indicators\macd</Filter>
    </ClInclude>
    <ClInclude Include="..\source\system\indicators\adx\adx.hpp">
      <Filter>source\system\indicators\adx</Filter>
    </ClInclude>
    <ClInclude Include="..\source\system\indicators\mfi\mfi.hpp">
      <Filter>source\system\indicators\mfi</Filter>
    </ClInclude>
    <ClInclude Include="..\source\system\indicators\rsi\rsi.hpp">
      <Filter>source\system\indicators\rsi</Filter>
    </ClInclude>
    <ClInclude Include="..\source\system\strategies\hard\macd_mfi\macd_mfi.hpp">
      <Filter>source\system\strategies\hard\macd_mfi</Filter>
    </ClInclude>
    <ClInclude Include="..\source\system\strategies\strategies.hpp">
      <Filter>source\system\strategies</Filter>
    </ClInclude>
    <ClInclude Include="..\source\system\backtester\backtester.hpp">
      <Filter>source\system\backtester</Filter>
    </ClInclude>
    <ClInclude Include="..\source\system\strategies\hard\template\template.hpp">
      <Filter>source\system\strategies\hard\template</Filter>
    </ClInclude>
    <ClInclude Include="..\source\system\strategies\hard\ema_288\ema_288.hpp">
      <Filter>source\system\strategies\hard\ema_288</Filter>
    </ClInclude>
    <ClInclude Include="..\source\system\strategies\hard\ema_adx\ema_adx.hpp">
      <Filter>source\system\strategies\hard\ema_adx</Filter>
    </ClInclude>
    <ClInclude Include="..\source\system\strategies\hard\buy_hold\buy_hold.hpp">
      <Filter>source\system\strategies\hard\buy_hold</Filter>
    </ClInclude>
    <ClInclude Include="..\source\system\strategies\hard\volume_bias\volume_bias.hpp">
      <Filter>source\system\strategies\hard\volume_bias</Filter>
    </ClInclude>
  </ItemGroup>
</Project>